
Microsoft Visual Studio Solution File, Format Version 12.00
# Visual Studio Version 17
VisualStudioVersion = 17.3.32929.385
MinimumVisualStudioVersion = 10.0.40219.1
Project("{54A90642-561A-4BB1-A94E-469ADEE60C69}") = "chamaecristasystem", "ChamaecristaSystem\chamaecristasystem.esproj", "{3900D956-19D5-4511-BA62-36EAA07A8E3C}"
EndProject
Project("{9A19103F-16F7-4668-BE54-9A1E7A4F7556}") = "chamaecristasystem-api", "chamaecristasystem-api\chamaecristasystem-api.csproj", "{A167410E-1B5A-4562-A27F-D46141D14603}"
EndProject
Global
	GlobalSection(SolutionConfigurationPlatforms) = preSolution
		Debug|Any CPU = Debug|Any CPU
		Release|Any CPU = Release|Any CPU
	EndGlobalSection
	GlobalSection(ProjectConfigurationPlatforms) = postSolution
		{3900D956-19D5-4511-BA62-36EAA07A8E3C}.Debug|Any CPU.ActiveCfg = Debug|Any CPU
		{3900D956-19D5-4511-BA62-36EAA07A8E3C}.Debug|Any CPU.Build.0 = Debug|Any CPU
		{3900D956-19D5-4511-BA62-36EAA07A8E3C}.Debug|Any CPU.Deploy.0 = Debug|Any CPU
		{3900D956-19D5-4511-BA62-36EAA07A8E3C}.Release|Any CPU.ActiveCfg = Release|Any CPU
		{3900D956-19D5-4511-BA62-36EAA07A8E3C}.Release|Any CPU.Build.0 = Release|Any CPU
		{3900D956-19D5-4511-BA62-36EAA07A8E3C}.Release|Any CPU.Deploy.0 = Release|Any CPU
		{A167410E-1B5A-4562-A27F-D46141D14603}.Debug|Any CPU.ActiveCfg = Debug|Any CPU
		{A167410E-1B5A-4562-A27F-D46141D14603}.Debug|Any CPU.Build.0 = Debug|Any CPU
		{A167410E-1B5A-4562-A27F-D46141D14603}.Release|Any CPU.ActiveCfg = Release|Any CPU
		{A167410E-1B5A-4562-A27F-D46141D14603}.Release|Any CPU.Build.0 = Release|Any CPU
	EndGlobalSection
	GlobalSection(SolutionProperties) = preSolution
		HideSolutionNode = FALSE
	EndGlobalSection
	GlobalSection(ExtensibilityGlobals) = postSolution
		SolutionGuid = {DAC7CABD-4ECA-49A1-814E-F0DE3A177E7C}
	EndGlobalSection
EndGlobal
